
Microsoft Visual Studio Solution File, Format Version 12.00
# Visual Studio Version 16
VisualStudioVersion = 16.0.36227.6
MinimumVisualStudioVersion = 10.0.40219.1
Project("{FAE04EC0-301F-11D3-BF4B-00C04F79EFBC}") = "AIWebForm", "AIWebForm.csproj", "{A65DF8B4-0FB5-4D7B-9E2C-ACBA3C3D8F2E}"
EndProject
Global
	GlobalSection(SolutionConfigurationPlatforms) = preSolution
		Debug|x64 = Debug|x64
		Release|x64 = Release|x64
	EndGlobalSection
	GlobalSection(ProjectConfigurationPlatforms) = postSolution
		{A65DF8B4-0FB5-4D7B-9E2C-ACBA3C3D8F2E}.Debug|x64.ActiveCfg = Debug|x64
		{A65DF8B4-0FB5-4D7B-9E2C-ACBA3C3D8F2E}.Debug|x64.Build.0 = Debug|x64
		{A65DF8B4-0FB5-4D7B-9E2C-ACBA3C3D8F2E}.Release|x64.ActiveCfg = Release|x64
		{A65DF8B4-0FB5-4D7B-9E2C-ACBA3C3D8F2E}.Release|x64.Build.0 = Release|x64
	EndGlobalSection
	GlobalSection(SolutionProperties) = preSolution
		HideSolutionNode = FALSE
	EndGlobalSection
	GlobalSection(ExtensibilityGlobals) = postSolution
		SolutionGuid = {89720B60-D140-4E58-925D-3AAE046500E9}
	EndGlobalSection
EndGlobal
